NeoBundleLock textobj-rubyblock b5b84e49e609439e81aa03fa8e605a6097185665
NeoBundleLock go a54531124670a0c0776a3860ba34d30a62ac29bc
NeoBundleLock snippets a54531124670a0c0776a3860ba34d30a62ac29bc
NeoBundleLock neobundle.vim a54531124670a0c0776a3860ba34d30a62ac29bc
NeoBundleLock tcomment a54531124670a0c0776a3860ba34d30a62ac29bc
NeoBundleLock textobj-user 9aa5fd050ecce650fb7ff018397e73a66a41c76b
NeoBundleLock surround a54531124670a0c0776a3860ba34d30a62ac29bc
NeoBundleLock ultisnips a54531124670a0c0776a3860ba34d30a62ac29bc
NeoBundleLock supertab a54531124670a0c0776a3860ba34d30a62ac29bc
NeoBundleLock rails a54531124670a0c0776a3860ba34d30a62ac29bc
